
Microsoft Visual Studio Solution File, Format Version 12.00
# Visual Studio Version 17
VisualStudioVersion = 17.5.002.0
MinimumVisualStudioVersion = 10.0.40219.1
Project("{9A19103F-16F7-4668-BE54-9A1E7A4F7556}") = "myWebApp", "myWebApp.csproj", "{A690F777-031D-4947-B244-0D0624474346}"
EndProject
Global
	GlobalSection(SolutionConfigurationPlatforms) = preSolution
		Debug|Any CPU = Debug|Any CPU
		Release|Any CPU = Release|Any CPU
	EndGlobalSection
	GlobalSection(ProjectConfigurationPlatforms) = postSolution
		{A690F777-031D-4947-B244-0D0624474346}.Debug|Any CPU.ActiveCfg = Debug|Any CPU
		{A690F777-031D-4947-B244-0D0624474346}.Debug|Any CPU.Build.0 = Debug|Any CPU
		{A690F777-031D-4947-B244-0D0624474346}.Release|Any CPU.ActiveCfg = Release|Any CPU
		{A690F777-031D-4947-B244-0D0624474346}.Release|Any CPU.Build.0 = Release|Any CPU
	EndGlobalSection
	GlobalSection(SolutionProperties) = preSolution
		HideSolutionNode = FALSE
	EndGlobalSection
	GlobalSection(ExtensibilityGlobals) = postSolution
		SolutionGuid = {A8624321-1431-4E74-9AB7-9D239C353C11}
	EndGlobalSection
EndGlobal
